{
  "name": "react-rc",
  "lockfileVersion": 3,
  "requires": true,
  "packages": {
    "": {
      "dependencies": {
        "react": "19.0.0-rc-778e1ed2-20240926",
        "react-dom": "19.0.0-rc-778e1ed2-20240926"
      }
    },
    "node_modules/react": {
      "version": "19.0.0-rc-778e1ed2-20240926",
      "resolved": "https://registry.npmjs.org/react/-/react-19.0.0-rc-778e1ed2-20240926.tgz",
      "integrity": "sha512-Z0qJs/iVQ+tHmnTa+4jK9kx+GEwDj5GmbqX26CQE6RPx2RCHzpls/o/UeN6IC8xCZL5hQiLcF5dtq3cWo7F8Fg==",
      "engines": {
        "node": ">=0.10.0"
      }
    },
    "node_modules/react-dom": {
      "version": "19.0.0-rc-778e1ed2-20240926",
      "resolved": "https://registry.npmjs.org/react-dom/-/react-dom-19.0.0-rc-778e1ed2-20240926.tgz",
      "integrity": "sha512-9FLXiKN8/nxd+TcrjIPKxxWQZVTr4lBbuPIcRly8Ch6FZsTrFmpF3I++0+1HoKDlg4JwPvQ/H3+4OfRpgNn7bQ==",
      "dependencies": {
        "scheduler": "0.25.0-rc-778e1ed2-20240926"
      },
      "peerDependencies": {
        "react": "19.0.0-rc-778e1ed2-20240926"
      }
    },
    "node_modules/scheduler": {
      "version": "0.25.0-rc-778e1ed2-20240926",
      "resolved": "https://registry.npmjs.org/scheduler/-/scheduler-0.25.0-rc-778e1ed2-20240926.tgz",
      "integrity": "sha512-X3XrKE/18iWn/pG0QA9WEx7P1ohOzrddY5Jv8V7tC3U1+mO/eQTn7OjemdWAJ+BOyhbeYZxye5BIOq6Auvo67A=="
    }
  }
}
